
Microsoft Visual Studio Solution File, Format Version 12.00
# Visual Studio Version 16
VisualStudioVersion = 16.0.32106.194
MinimumVisualStudioVersion = 10.0.40219.1
Project("{9A19103F-16F7-4668-BE54-9A1E7A4F7556}") = "TestSite.Api", "TestSite.Api\TestSite.Api.csproj", "{CF98EBAE-7310-4FAD-9C86-1E9DCA6BAB04}"
EndProject
Project("{FAE04EC0-301F-11D3-BF4B-00C04F79EFBC}") = "TestSite.Infrastructure", "TestSite.Infrastructure\TestSite.Infrastructure.csproj", "{B2558108-4337-4C88-B834-423D69991D7C}"
EndProject
Global
	GlobalSection(SolutionConfigurationPlatforms) = preSolution
		Debug|Any CPU = Debug|Any CPU
		Release|Any CPU = Release|Any CPU
	EndGlobalSection
	GlobalSection(ProjectConfigurationPlatforms) = postSolution
		{CF98EBAE-7310-4FAD-9C86-1E9DCA6BAB04}.Debug|Any CPU.ActiveCfg = Debug|Any CPU
		{CF98EBAE-7310-4FAD-9C86-1E9DCA6BAB04}.Debug|Any CPU.Build.0 = Debug|Any CPU
		{CF98EBAE-7310-4FAD-9C86-1E9DCA6BAB04}.Release|Any CPU.ActiveCfg = Release|Any CPU
		{CF98EBAE-7310-4FAD-9C86-1E9DCA6BAB04}.Release|Any CPU.Build.0 = Release|Any CPU
		{B2558108-4337-4C88-B834-423D69991D7C}.Debug|Any CPU.ActiveCfg = Debug|Any CPU
		{B2558108-4337-4C88-B834-423D69991D7C}.Debug|Any CPU.Build.0 = Debug|Any CPU
		{B2558108-4337-4C88-B834-423D69991D7C}.Release|Any CPU.ActiveCfg = Release|Any CPU
		{B2558108-4337-4C88-B834-423D69991D7C}.Release|Any CPU.Build.0 = Release|Any CPU
	EndGlobalSection
	GlobalSection(SolutionProperties) = preSolution
		HideSolutionNode = FALSE
	EndGlobalSection
	GlobalSection(ExtensibilityGlobals) = postSolution
		SolutionGuid = {66554217-3477-41F4-BF4D-76A26A2323BA}
	EndGlobalSection
EndGlobal
